
Microsoft Visual Studio Solution File, Format Version 12.00
# Visual Studio 14
VisualStudioVersion = 14.0.25420.1
MinimumVisualStudioVersion = 10.0.40219.1
Project("{F184B08F-C81C-45F6-A57F-5ABD9991F28F}") = "GroestlCoin EasyMiner", "GroestlCoin EasyMiner.vbproj", "{8DB2D98F-0AC4-440E-BC93-2E2688082501}"
EndProject
Project("{FAE04EC0-301F-11D3-BF4B-00C04F79EFBC}") = "GroestlCoin EasyMiner 2018", "GroestlCoin EasyMiner 2017\GroestlCoin EasyMiner 2018.csproj", "{ABFC00EB-2A6E-4353-AE91-4E1889A5DCAC}"
EndProject
Project("{54435603-DBB4-11D2-8724-00A0C9A8B90C}") = "GroestlcoinEasyminer2018", "Easyminer Installer\Easyminer Installer.vdproj", "{6404B71E-DBF9-4B81-8958-5522ECBB35F5}"
EndProject
Global
	GlobalSection(SolutionConfigurationPlatforms) = preSolution
		Debug|Any CPU = Debug|Any CPU
		Debug|x64 = Debug|x64
		Debug|x86 = Debug|x86
		Release|Any CPU = Release|Any CPU
		Release|x64 = Release|x64
		Release|x86 = Release|x86
	EndGlobalSection
	GlobalSection(ProjectConfigurationPlatforms) = postSolution
		{8DB2D98F-0AC4-440E-BC93-2E2688082501}.Debug|Any CPU.ActiveCfg = Debug|Any CPU
		{8DB2D98F-0AC4-440E-BC93-2E2688082501}.Debug|Any CPU.Build.0 = Debug|Any CPU
		{8DB2D98F-0AC4-440E-BC93-2E2688082501}.Debug|x64.ActiveCfg = Debug|Any CPU
		{8DB2D98F-0AC4-440E-BC93-2E2688082501}.Debug|x64.Build.0 = Debug|Any CPU
		{8DB2D98F-0AC4-440E-BC93-2E2688082501}.Debug|x86.ActiveCfg = Debug|Any CPU
		{8DB2D98F-0AC4-440E-BC93-2E2688082501}.Debug|x86.Build.0 = Debug|Any CPU
		{8DB2D98F-0AC4-440E-BC93-2E2688082501}.Release|Any CPU.ActiveCfg = Release|Any CPU
		{8DB2D98F-0AC4-440E-BC93-2E2688082501}.Release|Any CPU.Build.0 = Release|Any CPU
		{8DB2D98F-0AC4-440E-BC93-2E2688082501}.Release|x64.ActiveCfg = Release|Any CPU
		{8DB2D98F-0AC4-440E-BC93-2E2688082501}.Release|x64.Build.0 = Release|Any CPU
		{8DB2D98F-0AC4-440E-BC93-2E2688082501}.Release|x86.ActiveCfg = Release|Any CPU
		{8DB2D98F-0AC4-440E-BC93-2E2688082501}.Release|x86.Build.0 = Release|Any CPU
		{ABFC00EB-2A6E-4353-AE91-4E1889A5DCAC}.Debug|Any CPU.ActiveCfg = Debug|Any CPU
		{ABFC00EB-2A6E-4353-AE91-4E1889A5DCAC}.Debug|Any CPU.Build.0 = Debug|Any CPU
		{ABFC00EB-2A6E-4353-AE91-4E1889A5DCAC}.Debug|x64.ActiveCfg = Debug|Any CPU
		{ABFC00EB-2A6E-4353-AE91-4E1889A5DCAC}.Debug|x64.Build.0 = Debug|Any CPU
		{ABFC00EB-2A6E-4353-AE91-4E1889A5DCAC}.Debug|x86.ActiveCfg = Debug|Any CPU
		{ABFC00EB-2A6E-4353-AE91-4E1889A5DCAC}.Debug|x86.Build.0 = Debug|Any CPU
		{ABFC00EB-2A6E-4353-AE91-4E1889A5DCAC}.Release|Any CPU.ActiveCfg = Release|Any CPU
		{ABFC00EB-2A6E-4353-AE91-4E1889A5DCAC}.Release|Any CPU.Build.0 = Release|Any CPU
		{ABFC00EB-2A6E-4353-AE91-4E1889A5DCAC}.Release|x64.ActiveCfg = Release|Any CPU
		{ABFC00EB-2A6E-4353-AE91-4E1889A5DCAC}.Release|x64.Build.0 = Release|Any CPU
		{ABFC00EB-2A6E-4353-AE91-4E1889A5DCAC}.Release|x86.ActiveCfg = Release|Any CPU
		{ABFC00EB-2A6E-4353-AE91-4E1889A5DCAC}.Release|x86.Build.0 = Release|Any CPU
		{6404B71E-DBF9-4B81-8958-5522ECBB35F5}.Debug|Any CPU.ActiveCfg = Debug
		{6404B71E-DBF9-4B81-8958-5522ECBB35F5}.Debug|x64.ActiveCfg = Debug
		{6404B71E-DBF9-4B81-8958-5522ECBB35F5}.Debug|x86.ActiveCfg = Debug
		{6404B71E-DBF9-4B81-8958-5522ECBB35F5}.Release|Any CPU.ActiveCfg = Release
		{6404B71E-DBF9-4B81-8958-5522ECBB35F5}.Release|x64.ActiveCfg = Release
		{6404B71E-DBF9-4B81-8958-5522ECBB35F5}.Release|x86.ActiveCfg = Release
	EndGlobalSection
	GlobalSection(SolutionProperties) = preSolution
		HideSolutionNode = FALSE
	EndGlobalSection
	GlobalSection(ExtensibilityGlobals) = postSolution
		SolutionGuid = {031B710A-7DA2-486A-AF96-2ECC6CBBC38F}
	EndGlobalSection
EndGlobal
